{
  "version": 4,
  "terraform_version": "1.11.2",
  "serial": 16,
  "lineage": "232744db-24f7-9ef9-d6eb-3bfebb063390",
  "outputs": {},
  "resources": [
    {
      "mode": "managed",
      "type": "azurerm_linux_virtual_machine",
      "name": "vm",
      "provider": "provider[\"registry.terraform.io/hashicorp/azurerm\"]",
      "instances": [
        {
          "schema_version": 0,
          "attributes": {
            "additional_capabilities": [],
            "admin_password": null,
            "admin_ssh_key": [
              {
                "public_key": "ssh-rsa AAAAB3NzaC1yc2EAAAADAQABAAACAQDOpG9MSLZmQljHQ+WcbO1yAISxpQMKM3gTO8cLZv37gZBatzh3MxACilQN3Sea1/8NflIrlqE0kTSBg8U02y4T/hq/f9WcD7AvkBmib4KF7YVPiZmp+s/Pyw8Rr7470J+sOBrHfG76k4qvJnKGRw/+10goBpD5t5f62vb3Eq7dzxO56o0HqZQMsXD2qOOZuLHs3oE3LJYIFme5PvVb196+M2+ONRVkn2M5rpTRdvRqiVOxo1qU/p5Cv/TcRZcVC15w/WuNrYM8xHY+7r4RAo+vHY+Ylj0u5khpWW7mi1ZWsRzIWQoolAF6SQkZPf1tzsjOfIBq0XCkSQH8op4hFtiTVh1oZ+lau9RZk/SRkVf884hW88GJvAEwXTNYs8p8X2bk0FUO1fmtzybdWJ2yL/l7zaduO6K8ZwN4S0OzaNtqPbi2ZGB5+R9g6bg/AUtv/7abldCDHyYpEE6PRsRuhdP+u3xNgX+2x2apyCGoUQwEwKWanV05N7DiPquA7edBLtypDsjGN5AIGhCUOc1AgdPEDVksBz0u/hvBkVF4d8Nh5O2ssaDerYvC+fne7d8ggXZ+iJbNnxYRO0rgnyqDKNcPLA7dOe6yz7qEUkzGC/jr0QgB9n3e6/z67ZSOvoioczdxqxHSkECnk++4fkUfKVbMmvKpPXOon5T9ibCmYAgAHw== waadawadh0@gmail.com\r\n",
                "username": "azureuser"
              }
            ],
            "admin_username": "azureuser",
            "allow_extension_operations": true,
            "availability_set_id": "",
            "boot_diagnostics": [],
            "bypass_platform_safety_checks_on_user_schedule_enabled": false,
            "capacity_reservation_group_id": "",
            "computer_name": "chatbotvm",
            "custom_data": null,
            "dedicated_host_group_id": "",
            "dedicated_host_id": "",
            "disable_password_authentication": true,
            "disk_controller_type": "NVMe",
            "edge_zone": "",
            "encryption_at_host_enabled": false,
            "eviction_policy": "",
            "extensions_time_budget": "PT1H30M",
            "gallery_application": [],
            "id": "/subscriptions/ba19b1b0-32dd-40c4-9521-890778ddf3b4/resourceGroups/chatbot-rg/providers/Microsoft.Compute/virtualMachines/chatbot-vm",
            "identity": [],
            "license_type": "",
            "location": "eastus2",
            "max_bid_price": -1,
            "name": "chatbot-vm",
            "network_interface_ids": [
              "/subscriptions/ba19b1b0-32dd-40c4-9521-890778ddf3b4/resourceGroups/chatbot-rg/providers/Microsoft.Network/networkInterfaces/chatbot-nic"
            ],
            "os_disk": [
              {
                "caching": "ReadWrite",
                "diff_disk_settings": [],
                "disk_encryption_set_id": "",
                "disk_size_gb": 30,
                "id": "/subscriptions/ba19b1b0-32dd-40c4-9521-890778ddf3b4/resourceGroups/chatbot-rg/providers/Microsoft.Compute/disks/chatbot-osdisk",
                "name": "chatbot-osdisk",
                "secure_vm_disk_encryption_set_id": "",
                "security_encryption_type": "",
                "storage_account_type": "Standard_LRS",
                "write_accelerator_enabled": false
              }
            ],
            "os_image_notification": [],
            "patch_assessment_mode": "ImageDefault",
            "patch_mode": "ImageDefault",
            "plan": [],
            "platform_fault_domain": -1,
            "priority": "Regular",
            "private_ip_address": "10.0.1.4",
            "private_ip_addresses": [
              "10.0.1.4"
            ],
            "provision_vm_agent": true,
            "proximity_placement_group_id": "",
            "public_ip_address": "52.252.120.180",
            "public_ip_addresses": [
              "52.252.120.180"
            ],
            "reboot_setting": "",
            "resource_group_name": "chatbot-rg",
            "secret": [],
            "secure_boot_enabled": false,
            "size": "Standard_D2ads_v6",
            "source_image_id": "",
            "source_image_reference": [
              {
                "offer": "0001-com-ubuntu-server-jammy",
                "publisher": "Canonical",
                "sku": "22_04-lts-gen2",
                "version": "latest"
              }
            ],
            "tags": null,
            "termination_notification": null,
            "timeouts": null,
            "user_data": "",
            "virtual_machine_id": "9870725b-a856-44b4-a842-117ac5b8edb9",
            "virtual_machine_scale_set_id": "",
            "vm_agent_platform_updates_enabled": false,
            "vtpm_enabled": false,
            "zone": ""
          },
          "sensitive_attributes": [
            [
              {
                "type": "get_attr",
                "value": "custom_data"
              }
            ],
            [
              {
                "type": "get_attr",
                "value": "admin_password"
              }
            ]
          ],
          "private": "eyJlMmJmYjczMC1lY2FhLTExZTYtOGY4OC0zNDM2M2JjN2M0YzAiOnsiY3JlYXRlIjoyNzAwMDAwMDAwMDAwLCJkZWxldGUiOjI3MDAwMDAwMDAwMDAsInJlYWQiOjMwMDAwMDAwMDAwMCwidXBkYXRlIjoyNzAwMDAwMDAwMDAwfX0=",
          "dependencies": [
            "azurerm_network_interface.nic",
            "azurerm_public_ip.public_ip",
            "azurerm_resource_group.main",
            "azurerm_subnet.subnet",
            "azurerm_virtual_network.vnet"
          ]
        }
      ]
    },
    {
      "mode": "managed",
      "type": "azurerm_network_interface",
      "name": "nic",
      "provider": "provider[\"registry.terraform.io/hashicorp/azurerm\"]",
      "instances": [
        {
          "schema_version": 0,
          "attributes": {
            "accelerated_networking_enabled": false,
            "applied_dns_servers": [],
            "auxiliary_mode": "",
            "auxiliary_sku": "",
            "dns_servers": [],
            "edge_zone": "",
            "id": "/subscriptions/ba19b1b0-32dd-40c4-9521-890778ddf3b4/resourceGroups/chatbot-rg/providers/Microsoft.Network/networkInterfaces/chatbot-nic",
            "internal_dns_name_label": "",
            "internal_domain_name_suffix": "3abrc2l2ikgexgs2mwawiwap1h.cx.internal.cloudapp.net",
            "ip_configuration": [
              {
                "gateway_load_balancer_frontend_ip_configuration_id": "",
                "name": "internal",
                "primary": true,
                "private_ip_address": "10.0.1.4",
                "private_ip_address_allocation": "Dynamic",
                "private_ip_address_version": "IPv4",
                "public_ip_address_id": "/subscriptions/ba19b1b0-32dd-40c4-9521-890778ddf3b4/resourceGroups/chatbot-rg/providers/Microsoft.Network/publicIPAddresses/chatbot-ip",
                "subnet_id": "/subscriptions/ba19b1b0-32dd-40c4-9521-890778ddf3b4/resourceGroups/chatbot-rg/providers/Microsoft.Network/virtualNetworks/chatbot-vnet/subnets/chatbot-subnet"
              }
            ],
            "ip_forwarding_enabled": false,
            "location": "eastus2",
            "mac_address": "",
            "name": "chatbot-nic",
            "private_ip_address": "10.0.1.4",
            "private_ip_addresses": [
              "10.0.1.4"
            ],
            "resource_group_name": "chatbot-rg",
            "tags": {},
            "timeouts": null,
            "virtual_machine_id": ""
          },
          "sensitive_attributes": [],
          "private": "eyJlMmJmYjczMC1lY2FhLTExZTYtOGY4OC0zNDM2M2JjN2M0YzAiOnsiY3JlYXRlIjoxODAwMDAwMDAwMDAwLCJkZWxldGUiOjE4MDAwMDAwMDAwMDAsInJlYWQiOjMwMDAwMDAwMDAwMCwidXBkYXRlIjoxODAwMDAwMDAwMDAwfX0=",
          "dependencies": [
            "azurerm_public_ip.public_ip",
            "azurerm_resource_group.main",
            "azurerm_subnet.subnet",
            "azurerm_virtual_network.vnet"
          ]
        }
      ]
    },
    {
      "mode": "managed",
      "type": "azurerm_network_interface_security_group_association",
      "name": "nic_nsg_assoc",
      "provider": "provider[\"registry.terraform.io/hashicorp/azurerm\"]",
      "instances": [
        {
          "schema_version": 0,
          "attributes": {
            "id": "/subscriptions/ba19b1b0-32dd-40c4-9521-890778ddf3b4/resourceGroups/chatbot-rg/providers/Microsoft.Network/networkInterfaces/chatbot-nic|/subscriptions/ba19b1b0-32dd-40c4-9521-890778ddf3b4/resourceGroups/chatbot-rg/providers/Microsoft.Network/networkSecurityGroups/chatbot-nsg",
            "network_interface_id": "/subscriptions/ba19b1b0-32dd-40c4-9521-890778ddf3b4/resourceGroups/chatbot-rg/providers/Microsoft.Network/networkInterfaces/chatbot-nic",
            "network_security_group_id": "/subscriptions/ba19b1b0-32dd-40c4-9521-890778ddf3b4/resourceGroups/chatbot-rg/providers/Microsoft.Network/networkSecurityGroups/chatbot-nsg",
            "timeouts": null
          },
          "sensitive_attributes": [],
          "private": "eyJlMmJmYjczMC1lY2FhLTExZTYtOGY4OC0zNDM2M2JjN2M0YzAiOnsiY3JlYXRlIjoxODAwMDAwMDAwMDAwLCJkZWxldGUiOjE4MDAwMDAwMDAwMDAsInJlYWQiOjMwMDAwMDAwMDAwMH19",
          "dependencies": [
            "azurerm_network_interface.nic",
            "azurerm_network_security_group.nsg",
            "azurerm_public_ip.public_ip",
            "azurerm_resource_group.main",
            "azurerm_subnet.subnet",
            "azurerm_virtual_network.vnet"
          ]
        }
      ]
    },
    {
      "mode": "managed",
      "type": "azurerm_network_security_group",
      "name": "nsg",
      "provider": "provider[\"registry.terraform.io/hashicorp/azurerm\"]",
      "instances": [
        {
          "schema_version": 0,
          "attributes": {
            "id": "/subscriptions/ba19b1b0-32dd-40c4-9521-890778ddf3b4/resourceGroups/chatbot-rg/providers/Microsoft.Network/networkSecurityGroups/chatbot-nsg",
            "location": "eastus2",
            "name": "chatbot-nsg",
            "resource_group_name": "chatbot-rg",
            "security_rule": [
              {
                "access": "Allow",
                "description": "",
                "destination_address_prefix": "*",
                "destination_address_prefixes": [],
                "destination_application_security_group_ids": [],
                "destination_port_range": "22",
                "destination_port_ranges": [],
                "direction": "Inbound",
                "name": "AllowSSH",
                "priority": 100,
                "protocol": "Tcp",
                "source_address_prefix": "*",
                "source_address_prefixes": [],
                "source_application_security_group_ids": [],
                "source_port_range": "*",
                "source_port_ranges": []
              },
              {
                "access": "Allow",
                "description": "",
                "destination_address_prefix": "*",
                "destination_address_prefixes": [],
                "destination_application_security_group_ids": [],
                "destination_port_range": "80",
                "destination_port_ranges": [],
                "direction": "Inbound",
                "name": "AllowHTTP",
                "priority": 110,
                "protocol": "Tcp",
                "source_address_prefix": "*",
                "source_address_prefixes": [],
                "source_application_security_group_ids": [],
                "source_port_range": "*",
                "source_port_ranges": []
              },
              {
                "access": "Allow",
                "description": "",
                "destination_address_prefix": "*",
                "destination_address_prefixes": [],
                "destination_application_security_group_ids": [],
                "destination_port_range": "8000",
                "destination_port_ranges": [],
                "direction": "Inbound",
                "name": "AllowFastAPI",
                "priority": 120,
                "protocol": "Tcp",
                "source_address_prefix": "*",
                "source_address_prefixes": [],
                "source_application_security_group_ids": [],
                "source_port_range": "*",
                "source_port_ranges": []
              },
              {
                "access": "Allow",
                "description": "",
                "destination_address_prefix": "*",
                "destination_address_prefixes": [],
                "destination_application_security_group_ids": [],
                "destination_port_range": "8501",
                "destination_port_ranges": [],
                "direction": "Inbound",
                "name": "AllowStreamlit",
                "priority": 130,
                "protocol": "Tcp",
                "source_address_prefix": "*",
                "source_address_prefixes": [],
                "source_application_security_group_ids": [],
                "source_port_range": "*",
                "source_port_ranges": []
              }
            ],
            "tags": {},
            "timeouts": null
          },
          "sensitive_attributes": [],
          "private": "eyJlMmJmYjczMC1lY2FhLTExZTYtOGY4OC0zNDM2M2JjN2M0YzAiOnsiY3JlYXRlIjoxODAwMDAwMDAwMDAwLCJkZWxldGUiOjE4MDAwMDAwMDAwMDAsInJlYWQiOjMwMDAwMDAwMDAwMCwidXBkYXRlIjoxODAwMDAwMDAwMDAwfX0=",
          "dependencies": [
            "azurerm_resource_group.main"
          ]
        }
      ]
    },
    {
      "mode": "managed",
      "type": "azurerm_public_ip",
      "name": "public_ip",
      "provider": "provider[\"registry.terraform.io/hashicorp/azurerm\"]",
      "instances": [
        {
          "schema_version": 0,
          "attributes": {
            "allocation_method": "Static",
            "ddos_protection_mode": "VirtualNetworkInherited",
            "ddos_protection_plan_id": null,
            "domain_name_label": null,
            "domain_name_label_scope": null,
            "edge_zone": "",
            "fqdn": null,
            "id": "/subscriptions/ba19b1b0-32dd-40c4-9521-890778ddf3b4/resourceGroups/chatbot-rg/providers/Microsoft.Network/publicIPAddresses/chatbot-ip",
            "idle_timeout_in_minutes": 4,
            "ip_address": "52.252.120.180",
            "ip_tags": {},
            "ip_version": "IPv4",
            "location": "eastus2",
            "name": "chatbot-ip",
            "public_ip_prefix_id": null,
            "resource_group_name": "chatbot-rg",
            "reverse_fqdn": null,
            "sku": "Standard",
            "sku_tier": "Regional",
            "tags": {},
            "timeouts": null,
            "zones": [
              "1",
              "2",
              "3"
            ]
          },
          "sensitive_attributes": [],
          "private": "eyJlMmJmYjczMC1lY2FhLTExZTYtOGY4OC0zNDM2M2JjN2M0YzAiOnsiY3JlYXRlIjoxODAwMDAwMDAwMDAwLCJkZWxldGUiOjE4MDAwMDAwMDAwMDAsInJlYWQiOjMwMDAwMDAwMDAwMCwidXBkYXRlIjoxODAwMDAwMDAwMDAwfX0=",
          "dependencies": [
            "azurerm_resource_group.main"
          ]
        }
      ]
    },
    {
      "mode": "managed",
      "type": "azurerm_resource_group",
      "name": "main",
      "provider": "provider[\"registry.terraform.io/hashicorp/azurerm\"]",
      "instances": [
        {
          "schema_version": 0,
          "attributes": {
            "id": "/subscriptions/ba19b1b0-32dd-40c4-9521-890778ddf3b4/resourceGroups/chatbot-rg",
            "location": "eastus2",
            "managed_by": "",
            "name": "chatbot-rg",
            "tags": {},
            "timeouts": null
          },
          "sensitive_attributes": [],
          "private": "eyJlMmJmYjczMC1lY2FhLTExZTYtOGY4OC0zNDM2M2JjN2M0YzAiOnsiY3JlYXRlIjo1NDAwMDAwMDAwMDAwLCJkZWxldGUiOjU0MDAwMDAwMDAwMDAsInJlYWQiOjMwMDAwMDAwMDAwMCwidXBkYXRlIjo1NDAwMDAwMDAwMDAwfX0="
        }
      ]
    },
    {
      "mode": "managed",
      "type": "azurerm_subnet",
      "name": "subnet",
      "provider": "provider[\"registry.terraform.io/hashicorp/azurerm\"]",
      "instances": [
        {
          "schema_version": 0,
          "attributes": {
            "address_prefixes": [
              "10.0.1.0/24"
            ],
            "default_outbound_access_enabled": true,
            "delegation": [],
            "id": "/subscriptions/ba19b1b0-32dd-40c4-9521-890778ddf3b4/resourceGroups/chatbot-rg/providers/Microsoft.Network/virtualNetworks/chatbot-vnet/subnets/chatbot-subnet",
            "name": "chatbot-subnet",
            "private_endpoint_network_policies": "Disabled",
            "private_link_service_network_policies_enabled": true,
            "resource_group_name": "chatbot-rg",
            "service_endpoint_policy_ids": [],
            "service_endpoints": [],
            "timeouts": null,
            "virtual_network_name": "chatbot-vnet"
          },
          "sensitive_attributes": [],
          "private": "eyJlMmJmYjczMC1lY2FhLTExZTYtOGY4OC0zNDM2M2JjN2M0YzAiOnsiY3JlYXRlIjoxODAwMDAwMDAwMDAwLCJkZWxldGUiOjE4MDAwMDAwMDAwMDAsInJlYWQiOjMwMDAwMDAwMDAwMCwidXBkYXRlIjoxODAwMDAwMDAwMDAwfX0=",
          "dependencies": [
            "azurerm_resource_group.main",
            "azurerm_virtual_network.vnet"
          ]
        }
      ]
    },
    {
      "mode": "managed",
      "type": "azurerm_virtual_network",
      "name": "vnet",
      "provider": "provider[\"registry.terraform.io/hashicorp/azurerm\"]",
      "instances": [
        {
          "schema_version": 0,
          "attributes": {
            "address_space": [
              "10.0.0.0/16"
            ],
            "bgp_community": "",
            "ddos_protection_plan": [],
            "dns_servers": [],
            "edge_zone": "",
            "encryption": [],
            "flow_timeout_in_minutes": 0,
            "guid": "711103e8-427c-4b8c-9a5c-658164580fdf",
            "id": "/subscriptions/ba19b1b0-32dd-40c4-9521-890778ddf3b4/resourceGroups/chatbot-rg/providers/Microsoft.Network/virtualNetworks/chatbot-vnet",
            "location": "eastus2",
            "name": "chatbot-vnet",
            "private_endpoint_vnet_policies": "Disabled",
            "resource_group_name": "chatbot-rg",
            "subnet": [
              {
                "address_prefixes": [
                  "10.0.1.0/24"
                ],
                "default_outbound_access_enabled": true,
                "delegation": [],
                "id": "/subscriptions/ba19b1b0-32dd-40c4-9521-890778ddf3b4/resourceGroups/chatbot-rg/providers/Microsoft.Network/virtualNetworks/chatbot-vnet/subnets/chatbot-subnet",
                "name": "chatbot-subnet",
                "private_endpoint_network_policies": "Disabled",
                "private_link_service_network_policies_enabled": true,
                "route_table_id": "",
                "security_group": "",
                "service_endpoint_policy_ids": [],
                "service_endpoints": []
              }
            ],
            "tags": {},
            "timeouts": null
          },
          "sensitive_attributes": [],
          "private": "eyJlMmJmYjczMC1lY2FhLTExZTYtOGY4OC0zNDM2M2JjN2M0YzAiOnsiY3JlYXRlIjoxODAwMDAwMDAwMDAwLCJkZWxldGUiOjE4MDAwMDAwMDAwMDAsInJlYWQiOjMwMDAwMDAwMDAwMCwidXBkYXRlIjoxODAwMDAwMDAwMDAwfX0=",
          "dependencies": [
            "azurerm_resource_group.main"
          ]
        }
      ]
    }
  ],
  "check_results": null
}
